{
  "name": "@yai/sdk",
  "version": "0.1.0",
  "lockfileVersion": 3,
  "requires": true,
  "packages": {
    "": {
      "name": "@yai/sdk",
      "version": "0.1.0",
      "license": "MIT",
      "dependencies": {
        "@yvex/sdk": "git+https://github.com/yailabs/yvex.git#c57d333bb3a3f63d9c0d720c8016455cdeb7da41"
      },
      "devDependencies": {
        "typescript": "^5.9.3"
      }
    },
    "node_modules/@yvex/sdk": {
      "version": "0.2.0",
      "resolved": "git+ssh://git@github.com/yailabs/yvex.git#c57d333bb3a3f63d9c0d720c8016455cdeb7da41",
      "integrity": "sha512-FISaxF4kkZTX4bSuvQny2scqV3Cx1Pr8HwHNFph3rlVNie3Okz6G1Y3zKsXlepNbw9kEll3ejbOHGRcUTFNoxg==",
      "license": "MIT"
    },
    "node_modules/typescript": {
      "version": "5.9.3",
      "resolved": "https://registry.npmjs.org/typescript/-/typescript-5.9.3.tgz",
      "integrity": "sha512-jl1vZzPDinLr9eUt3J/t7V6FgNEw9QjvBPdysz9KfQDD41fQrC2Y4vKQdiaUpFT4bXlb1RHhLpp8wtm6M5TgSw==",
      "dev": true,
      "license": "Apache-2.0",
      "bin": {
        "tsc": "bin/tsc",
        "tsserver": "bin/tsserver"
      },
      "engines": {
        "node": ">=14.17"
      }
    }
  }
}
